// !$*UTF8*$!
{
	archiveVersion = 1;
	classes = {
	};
	objectVersion = 52;
	objects = {

/* Begin PBXBuildFile section */
		C228C13B26A3F9A10041CBBE /* AppDelegate.swift in Sources */ = {isa = PBXBuildFile; fileRef = C228C13A26A3F9A10041CBBE /* AppDelegate.swift */; };
		C228C13D26A3F9A10041CBBE /* SceneDelegate.swift in Sources */ = {isa = PBXBuildFile; fileRef = C228C13C26A3F9A10041CBBE /* SceneDelegate.swift */; };
		C228C13F26A3F9A10041CBBE /* ViewController.swift in Sources */ = {isa = PBXBuildFile; fileRef = C228C13E26A3F9A10041CBBE /* ViewController.swift */; };
		C228C14226A3F9A10041CBBE /* Main.storyboard in Resources */ = {isa = PBXBuildFile; fileRef = C228C14026A3F9A10041CBBE /* Main.storyboard */; };
		C228C14426A3F9A40041CBBE /* Assets.xcassets in Resources */ = {isa = PBXBuildFile; fileRef = C228C14326A3F9A40041CBBE /* Assets.xcassets */; };
		C228C14726A3F9A40041CBBE /* LaunchScreen.storyboard in Resources */ = {isa = PBXBuildFile; fileRef = C228C14526A3F9A40041CBBE /* LaunchScreen.storyboard */; };
		C228C15026A3F9F90041CBBE /* SnapKit in Frameworks */ = {isa = PBXBuildFile; productRef = C228C14F26A3F9F90041CBBE /* SnapKit */; };
		C2D35C1426A3FEE50053F136 /* RxSwift in Frameworks */ = {isa = PBXBuildFile; productRef = C2D35C1326A3FEE50053F136 /* RxSwift */; };
		C2D35C1626A3FEE50053F136 /* RxRelay in Frameworks */ = {isa = PBXBuildFile; productRef = C2D35C1526A3FEE50053F136 /* RxRelay */; };
		C2D35C1826A3FEE50053F136 /* RxCocoa in Frameworks */ = {isa = PBXBuildFile; productRef = C2D35C1726A3FEE50053F136 /* RxCocoa */; };
		C2D35C1A26A3FEE50053F136 /* RxBlocking in Frameworks */ = {isa = PBXBuildFile; productRef = C2D35C1926A3FEE50053F136 /* RxBlocking */; };
/* End PBXBuildFile section */

/* Begin PBXFileReference section */
		C228C13726A3F9A10041CBBE /* YouTubeClone.app */ = {isa = PBXFileReference; explicitFileType = wrapper.application; includeInIndex = 0; path = YouTubeClone.app; sourceTree = BUILT_PRODUCTS_DIR; };
		C228C13A26A3F9A10041CBBE /* AppDelegate.swift */ = {isa = PBXFileReference; lastKnownFileType = sourcecode.swift; path = AppDelegate.swift; sourceTree = "<group>"; };
		C228C13C26A3F9A10041CBBE /* SceneDelegate.swift */ = {isa = PBXFileReference; lastKnownFileType = sourcecode.swift; path = SceneDelegate.swift; sourceTree = "<group>"; };
		C228C13E26A3F9A10041CBBE /* ViewController.swift */ = {isa = PBXFileReference; lastKnownFileType = sourcecode.swift; path = ViewController.swift; sourceTree = "<group>"; };
		C228C14126A3F9A10041CBBE /* Base */ = {isa = PBXFileReference; lastKnownFileType = file.storyboard; name = Base; path = Base.lproj/Main.storyboard; sourceTree = "<group>"; };
		C228C14326A3F9A40041CBBE /* Assets.xcassets */ = {isa = PBXFileReference; lastKnownFileType = folder.assetcatalog; path = Assets.xcassets; sourceTree = "<group>"; };
		C228C14626A3F9A40041CBBE /* Base */ = {isa = PBXFileReference; lastKnownFileType = file.storyboard; name = Base; path = Base.lproj/LaunchScreen.storyboard; sourceTree = "<group>"; };
		C228C14826A3F9A40041CBBE /* Info.plist */ = {isa = PBXFileReference; lastKnownFileType = text.plist.xml; path = Info.plist; sourceTree = "<group>"; };
/* End PBXFileReference section */

/* Begin PBXFrameworksBuildPhase section */
		C228C13426A3F9A10041CBBE /* Frameworks */ = {
			isa = PBXFrameworksBuildPhase;
			buildActionMask = 2147483647;
			files = (
				C2D35C1626A3FEE50053F136 /* RxRelay in Frameworks */,
				C2D35C1426A3FEE50053F136 /* RxSwift in Frameworks */,
				C2D35C1826A3FEE50053F136 /* RxCocoa in Frameworks */,
				C228C15026A3F9F90041CBBE /* SnapKit in Frameworks */,
				C2D35C1A26A3FEE50053F136 /* RxBlocking in Frameworks */,
			);
			runOnlyForDeploymentPostprocessing = 0;
		};
/* End PBXFrameworksBuildPhase section */

/* Begin PBXGroup section */
		C228C12E26A3F9A10041CBBE = {
			isa = PBXGroup;
			children = (
				C228C13926A3F9A10041CBBE /* YouTubeClone */,
				C228C13826A3F9A10041CBBE /* Products */,
			);
			sourceTree = "<group>";
		};
		C228C13826A3F9A10041CBBE /* Products */ = {
			isa = PBXGroup;
			children = (
				C228C13726A3F9A10041CBBE /* YouTubeClone.app */,
			);
			name = Products;
			sourceTree = "<group>";
		};
		C228C13926A3F9A10041CBBE /* YouTubeClone */ = {
			isa = PBXGroup;
			children = (
				C228C13A26A3F9A10041CBBE /* AppDelegate.swift */,
				C228C13C26A3F9A10041CBBE /* SceneDelegate.swift */,
				C228C13E26A3F9A10041CBBE /* ViewController.swift */,
				C228C14026A3F9A10041CBBE /* Main.storyboard */,
				C228C14326A3F9A40041CBBE /* Assets.xcassets */,
				C228C14526A3F9A40041CBBE /* LaunchScreen.storyboard */,
				C228C14826A3F9A40041CBBE /* Info.plist */,
			);
			path = YouTubeClone;
			sourceTree = "<group>";
		};
/* End PBXGroup section */

/* Begin PBXNativeTarget section */
		C228C13626A3F9A10041CBBE /* YouTubeClone */ = {
			isa = PBXNativeTarget;
			buildConfigurationList = C228C14B26A3F9A40041CBBE /* Build configuration list for PBXNativeTarget "YouTubeClone" */;
			buildPhases = (
				C228C13326A3F9A10041CBBE /* Sources */,
				C228C13426A3F9A10041CBBE /* Frameworks */,
				C228C13526A3F9A10041CBBE /* Resources */,
			);
			buildRules = (
			);
			dependencies = (
			);
			name = YouTubeClone;
			packageProductDependencies = (
				C228C14F26A3F9F90041CBBE /* SnapKit */,
				C2D35C1326A3FEE50053F136 /* RxSwift */,
				C2D35C1526A3FEE50053F136 /* RxRelay */,
				C2D35C1726A3FEE50053F136 /* RxCocoa */,
				C2D35C1926A3FEE50053F136 /* RxBlocking */,
			);
			productName = YouTubeClone;
			productReference = C228C13726A3F9A10041CBBE /* YouTubeClone.app */;
			productType = "com.apple.product-type.application";
		};
/* End PBXNativeTarget section */

/* Begin PBXProject section */
		C228C12F26A3F9A10041CBBE /* Project object */ = {
			isa = PBXProject;
			attributes = {
				LastSwiftUpdateCheck = 1250;
				LastUpgradeCheck = 1250;
				TargetAttributes = {
					C228C13626A3F9A10041CBBE = {
						CreatedOnToolsVersion = 12.5;
					};
				};
			};
			buildConfigurationList = C228C13226A3F9A10041CBBE /* Build configuration list for PBXProject "YouTubeClone" */;
			compatibilityVersion = "Xcode 9.3";
			developmentRegion = en;
			hasScannedForEncodings = 0;
			knownRegions = (
				en,
				Base,
			);
			mainGroup = C228C12E26A3F9A10041CBBE;
			packageReferences = (
				C228C14E26A3F9F90041CBBE /* XCRemoteSwiftPackageReference "SnapKit" */,
				C2D35C1226A3FEE50053F136 /* XCRemoteSwiftPackageReference "RxSwift" */,
			);
			productRefGroup = C228C13826A3F9A10041CBBE /* Products */;
			projectDirPath = "";
			projectRoot = "";
			targets = (
				C228C13626A3F9A10041CBBE /* YouTubeClone */,
			);
		};
/* End PBXProject section */

/* Begin PBXResourcesBuildPhase section */
		C228C13526A3F9A10041CBBE /* Resources */ = {
			isa = PBXResourcesBuildPhase;
			buildActionMask = 2147483647;
			files = (
				C228C14726A3F9A40041CBBE /* LaunchScreen.storyboard in Resources */,
				C228C14426A3F9A40041CBBE /* Assets.xcassets in Resources */,
				C228C14226A3F9A10041CBBE /* Main.storyboard in Resources */,
			);
			runOnlyForDeploymentPostprocessing = 0;
		};
/* End PBXResourcesBuildPhase section */

/* Begin PBXSourcesBuildPhase section */
		C228C13326A3F9A10041CBBE /* Sources */ = {
			isa = PBXSourcesBuildPhase;
			buildActionMask = 2147483647;
			files = (
				C228C13F26A3F9A10041CBBE /* ViewController.swift in Sources */,
				C228C13B26A3F9A10041CBBE /* AppDelegate.swift in Sources */,
				C228C13D26A3F9A10041CBBE /* SceneDelegate.swift in Sources */,
			);
			runOnlyForDeploymentPostprocessing = 0;
		};
/* End PBXSourcesBuildPhase section */

/* Begin PBXVariantGroup section */
		C228C14026A3F9A10041CBBE /* Main.storyboard */ = {
			isa = PBXVariantGroup;
			children = (
				C228C14126A3F9A10041CBBE /* Base */,
			);
			name = Main.storyboard;
			sourceTree = "<group>";
		};
		C228C14526A3F9A40041CBBE /* LaunchScreen.storyboard */ = {
			isa = PBXVariantGroup;
			children = (
				C228C14626A3F9A40041CBBE /* Base */,
			);
			name = LaunchScreen.storyboard;
			sourceTree = "<group>";
		};
/* End PBXVariantGroup section */

/* Begin XCBuildConfiguration section */
		C228C14926A3F9A40041CBBE /* Debug */ = {
			isa = XCBuildConfiguration;
			buildSettings = {
				ALWAYS_SEARCH_USER_PATHS = NO;
				CLANG_ANALYZER_NONNULL = YES;
				CLANG_ANALYZER_NUMBER_OBJECT_CONVERSION = YES_AGGRESSIVE;
				CLANG_CXX_LANGUAGE_STANDARD = "gnu++14";
				CLANG_CXX_LIBRARY = "libc++";
				CLANG_ENABLE_MODULES = YES;
				CLANG_ENABLE_OBJC_ARC = YES;
				CLANG_ENABLE_OBJC_WEAK = YES;
				CLANG_WARN_BLOCK_CAPTURE_AUTORELEASING = YES;
				CLANG_WARN_BOOL_CONVERSION = YES;
				CLANG_WARN_COMMA = YES;
				CLANG_WARN_CONSTANT_CONVERSION = YES;
				CLANG_WARN_DEPRECATED_OBJC_IMPLEMENTATIONS = YES;
				CLANG_WARN_DIRECT_OBJC_ISA_USAGE = YES_ERROR;
				CLANG_WARN_DOCUMENTATION_COMMENTS = YES;
				CLANG_WARN_EMPTY_BODY = YES;
				CLANG_WARN_ENUM_CONVERSION = YES;
				CLANG_WARN_INFINITE_RECURSION = YES;
				CLANG_WARN_INT_CONVERSION = YES;
				CLANG_WARN_NON_LITERAL_NULL_CONVERSION = YES;
				CLANG_WARN_OBJC_IMPLICIT_RETAIN_SELF = YES;
				CLANG_WARN_OBJC_LITERAL_CONVERSION = YES;
				CLANG_WARN_OBJC_ROOT_CLASS = YES_ERROR;
				CLANG_WARN_QUOTED_INCLUDE_IN_FRAMEWORK_HEADER = YES;
				CLANG_WARN_RANGE_LOOP_ANALYSIS = YES;
				CLANG_WARN_STRICT_PROTOTYPES = YES;
				CLANG_WARN_SUSPICIOUS_MOVE = YES;
				CLANG_WARN_UNGUARDED_AVAILABILITY = YES_AGGRESSIVE;
				CLANG_WARN_UNREACHABLE_CODE = YES;
				CLANG_WARN__DUPLICATE_METHOD_MATCH = YES;
				COPY_PHASE_STRIP = NO;
				DEBUG_INFORMATION_FORMAT = dwarf;
				ENABLE_STRICT_OBJC_MSGSEND = YES;
				ENABLE_TESTABILITY = YES;
				GCC_C_LANGUAGE_STANDARD = gnu11;
				GCC_DYNAMIC_NO_PIC = NO;
				GCC_NO_COMMON_BLOCKS = YES;
				GCC_OPTIMIZATION_LEVEL = 0;
				GCC_PREPROCESSOR_DEFINITIONS = (
					"DEBUG=1",
					"$(inherited)",
				);
				GCC_WARN_64_TO_32_BIT_CONVERSION = YES;
				GCC_WARN_ABOUT_RETURN_TYPE = YES_ERROR;
				GCC_WARN_UNDECLARED_SELECTOR = YES;
				GCC_WARN_UNINITIALIZED_AUTOS = YES_AGGRESSIVE;
				GCC_WARN_UNUSED_FUNCTION = YES;
				GCC_WARN_UNUSED_VARIABLE = YES;
				IPHONEOS_DEPLOYMENT_TARGET = 14.5;
				MTL_ENABLE_DEBUG_INFO = INCLUDE_SOURCE;
				MTL_FAST_MATH = YES;
				ONLY_ACTIVE_ARCH = YES;
				SDKROOT = iphoneos;
				SWIFT_ACTIVE_COMPILATION_CONDITIONS = DEBUG;
				SWIFT_OPTIMIZATION_LEVEL = "-Onone";
			};
			name = Debug;
		};
		C228C14A26A3F9A40041CBBE /* Release */ = {
			isa = XCBuildConfiguration;
			buildSettings = {
				ALWAYS_SEARCH_USER_PATHS = NO;
				CLANG_ANALYZER_NONNULL = YES;
				CLANG_ANALYZER_NUMBER_OBJECT_CONVERSION = YES_AGGRESSIVE;
				CLANG_CXX_LANGUAGE_STANDARD = "gnu++14";
				CLANG_CXX_LIBRARY = "libc++";
				CLANG_ENABLE_MODULES = YES;
				CLANG_ENABLE_OBJC_ARC = YES;
				CLANG_ENABLE_OBJC_WEAK = YES;
				CLANG_WARN_BLOCK_CAPTURE_AUTORELEASING = YES;
				CLANG_WARN_BOOL_CONVERSION = YES;
				CLANG_WARN_COMMA = YES;
				CLANG_WARN_CONSTANT_CONVERSION = YES;
				CLANG_WARN_DEPRECATED_OBJC_IMPLEMENTATIONS = YES;
				CLANG_WARN_DIRECT_OBJC_ISA_USAGE = YES_ERROR;
				CLANG_WARN_DOCUMENTATION_COMMENTS = YES;
				CLANG_WARN_EMPTY_BODY = YES;
				CLANG_WARN_ENUM_CONVERSION = YES;
				CLANG_WARN_INFINITE_RECURSION = YES;
				CLANG_WARN_INT_CONVERSION = YES;
				CLANG_WARN_NON_LITERAL_NULL_CONVERSION = YES;
				CLANG_WARN_OBJC_IMPLICIT_RETAIN_SELF = YES;
				CLANG_WARN_OBJC_LITERAL_CONVERSION = YES;
				CLANG_WARN_OBJC_ROOT_CLASS = YES_ERROR;
				CLANG_WARN_QUOTED_INCLUDE_IN_FRAMEWORK_HEADER = YES;
				CLANG_WARN_RANGE_LOOP_ANALYSIS = YES;
				CLANG_WARN_STRICT_PROTOTYPES = YES;
				CLANG_WARN_SUSPICIOUS_MOVE = YES;
				CLANG_WARN_UNGUARDED_AVAILABILITY = YES_AGGRESSIVE;
				CLANG_WARN_UNREACHABLE_CODE = YES;
				CLANG_WARN__DUPLICATE_METHOD_MATCH = YES;
				COPY_PHASE_STRIP = NO;
				DEBUG_INFORMATION_FORMAT = "dwarf-with-dsym";
				ENABLE_NS_ASSERTIONS = NO;
				ENABLE_STRICT_OBJC_MSGSEND = YES;
				GCC_C_LANGUAGE_STANDARD = gnu11;
				GCC_NO_COMMON_BLOCKS = YES;
				GCC_WARN_64_TO_32_BIT_CONVERSION = YES;
				GCC_WARN_ABOUT_RETURN_TYPE = YES_ERROR;
				GCC_WARN_UNDECLARED_SELECTOR = YES;
				GCC_WARN_UNINITIALIZED_AUTOS = YES_AGGRESSIVE;
				GCC_WARN_UNUSED_FUNCTION = YES;
				GCC_WARN_UNUSED_VARIABLE = YES;
				IPHONEOS_DEPLOYMENT_TARGET = 14.5;
				MTL_ENABLE_DEBUG_INFO = NO;
				MTL_FAST_MATH = YES;
				SDKROOT = iphoneos;
				SWIFT_COMPILATION_MODE = wholemodule;
				SWIFT_OPTIMIZATION_LEVEL = "-O";
				VALIDATE_PRODUCT = YES;
			};
			name = Release;
		};
		C228C14C26A3F9A40041CBBE /* Debug */ = {
			isa = XCBuildConfiguration;
			buildSettings = {
				ASSETCATALOG_COMPILER_APPICON_NAME = AppIcon;
				ASSETCATALOG_COMPILER_GLOBAL_ACCENT_COLOR_NAME = AccentColor;
				CODE_SIGN_STYLE = Automatic;
				INFOPLIST_FILE = YouTubeClone/Info.plist;
				LD_RUNPATH_SEARCH_PATHS = (
					"$(inherited)",
					"@executable_path/Frameworks",
				);
				PRODUCT_BUNDLE_IDENTIFIER = test.YouTubeClone;
				PRODUCT_NAME = "$(TARGET_NAME)";
				SWIFT_VERSION = 5.0;
				TARGETED_DEVICE_FAMILY = "1,2";
			};
			name = Debug;
		};
		C228C14D26A3F9A40041CBBE /* Release */ = {
			isa = XCBuildConfiguration;
			buildSettings = {
				ASSETCATALOG_COMPILER_APPICON_NAME = AppIcon;
				ASSETCATALOG_COMPILER_GLOBAL_ACCENT_COLOR_NAME = AccentColor;
				CODE_SIGN_STYLE = Automatic;
				INFOPLIST_FILE = YouTubeClone/Info.plist;
				LD_RUNPATH_SEARCH_PATHS = (
					"$(inherited)",
					"@executable_path/Frameworks",
				);
				PRODUCT_BUNDLE_IDENTIFIER = test.YouTubeClone;
				PRODUCT_NAME = "$(TARGET_NAME)";
				SWIFT_VERSION = 5.0;
				TARGETED_DEVICE_FAMILY = "1,2";
			};
			name = Release;
		};
/* End XCBuildConfiguration section */

/* Begin XCConfigurationList section */
		C228C13226A3F9A10041CBBE /* Build configuration list for PBXProject "YouTubeClone" */ = {
			isa = XCConfigurationList;
			buildConfigurations = (
				C228C14926A3F9A40041CBBE /* Debug */,
				C228C14A26A3F9A40041CBBE /* Release */,
			);
			defaultConfigurationIsVisible = 0;
			defaultConfigurationName = Release;
		};
		C228C14B26A3F9A40041CBBE /* Build configuration list for PBXNativeTarget "YouTubeClone" */ = {
			isa = XCConfigurationList;
			buildConfigurations = (
				C228C14C26A3F9A40041CBBE /* Debug */,
				C228C14D26A3F9A40041CBBE /* Release */,
			);
			defaultConfigurationIsVisible = 0;
			defaultConfigurationName = Release;
		};
/* End XCConfigurationList section */

/* Begin XCRemoteSwiftPackageReference section */
		C228C14E26A3F9F90041CBBE /* XCRemoteSwiftPackageReference "SnapKit" */ = {
			isa = XCRemoteSwiftPackageReference;
			repositoryURL = "git@github.com:SnapKit/SnapKit.git";
			requirement = {
				kind = upToNextMajorVersion;
				minimumVersion = 5.0.1;
			};
		};
		C2D35C1226A3FEE50053F136 /* XCRemoteSwiftPackageReference "RxSwift" */ = {
			isa = XCRemoteSwiftPackageReference;
			repositoryURL = "https://github.com/ReactiveX/RxSwift";
			requirement = {
				kind = upToNextMajorVersion;
				minimumVersion = 6.2.0;
			};
		};
/* End XCRemoteSwiftPackageReference section */

/* Begin XCSwiftPackageProductDependency section */
		C228C14F26A3F9F90041CBBE /* SnapKit */ = {
			isa = XCSwiftPackageProductDependency;
			package = C228C14E26A3F9F90041CBBE /* XCRemoteSwiftPackageReference "SnapKit" */;
			productName = SnapKit;
		};
		C2D35C1326A3FEE50053F136 /* RxSwift */ = {
			isa = XCSwiftPackageProductDependency;
			package = C2D35C1226A3FEE50053F136 /* XCRemoteSwiftPackageReference "RxSwift" */;
			productName = RxSwift;
		};
		C2D35C1526A3FEE50053F136 /* RxRelay */ = {
			isa = XCSwiftPackageProductDependency;
			package = C2D35C1226A3FEE50053F136 /* XCRemoteSwiftPackageReference "RxSwift" */;
			productName = RxRelay;
		};
		C2D35C1726A3FEE50053F136 /* RxCocoa */ = {
			isa = XCSwiftPackageProductDependency;
			package = C2D35C1226A3FEE50053F136 /* XCRemoteSwiftPackageReference "RxSwift" */;
			productName = RxCocoa;
		};
		C2D35C1926A3FEE50053F136 /* RxBlocking */ = {
			isa = XCSwiftPackageProductDependency;
			package = C2D35C1226A3FEE50053F136 /* XCRemoteSwiftPackageReference "RxSwift" */;
			productName = RxBlocking;
		};
/* End XCSwiftPackageProductDependency section */
	};
	rootObject = C228C12F26A3F9A10041CBBE /* Project object */;
}
